PODS:
  - Flutter (1.0.0)
  - flutter_3d_ball (0.0.1):
    - Flutter

DEPENDENCIES:
  - Flutter (from `Flutter`)
  - flutter_3d_ball (from `.symlinks/plugins/flutter_3d_ball/ios`)

EXTERNAL SOURCES:
  Flutter:
    :path: Flutter
  flutter_3d_ball:
    :path: ".symlinks/plugins/flutter_3d_ball/ios"

SPEC CHECKSUMS:
  Flutter: 434fef37c0980e73bb6479ef766c45957d4b510c
  flutter_3d_ball: 577603b5cb897e3a2f51c44d6584c1e628cd260e

PODFILE CHECKSUM: aafe91acc616949ddb318b77800a7f51bffa2a4c

COCOAPODS: 1.11.2
